
Microsoft Visual Studio Solution File, Format Version 12.00
# Visual Studio Version 17
VisualStudioVersion = 17.8.34316.72
MinimumVisualStudioVersion = 10.0.40219.1
Project("{2150E333-8FDC-42A3-9474-1A3956D46DE8}") = "src", "src", "{EA53E2F6-EBC8-409C-A996-54CEAB0EEABB}"
EndProject
Project("{9A19103F-16F7-4668-BE54-9A1E7A4F7556}") = "E-Commerce.Bot", "src\E-Commerce.Bot\E-Commerce.Bot.csproj", "{9EACE531-7CE1-4817-81D5-D88CF8581DD4}"
EndProject
Project("{9A19103F-16F7-4668-BE54-9A1E7A4F7556}") = "E-Commerce.Infrastructure", "src\E-Commerce.Infrastructure\E-Commerce.Infrastructure.csproj", "{88E1FFEF-D9D8-41D8-8E1A-9C27ED7C3C8C}"
EndProject
Project("{9A19103F-16F7-4668-BE54-9A1E7A4F7556}") = "E-Commerce.Application", "src\E-Commerce.Application\E-Commerce.Application.csproj", "{C157D84C-9ABC-4D94-A3ED-99649A02645F}"
EndProject
Project("{FAE04EC0-301F-11D3-BF4B-00C04F79EFBC}") = "E-Commerce.Domain", "src\E-Commerce.Domain\E-Commerce.Domain.csproj", "{04137B5D-1FE1-4EE7-BCD9-2DA89B5BC6B2}"
EndProject
Global
	GlobalSection(SolutionConfigurationPlatforms) = preSolution
		Debug|Any CPU = Debug|Any CPU
		Release|Any CPU = Release|Any CPU
	EndGlobalSection
	GlobalSection(ProjectConfigurationPlatforms) = postSolution
		{9EACE531-7CE1-4817-81D5-D88CF8581DD4}.Debug|Any CPU.ActiveCfg = Debug|Any CPU
		{9EACE531-7CE1-4817-81D5-D88CF8581DD4}.Debug|Any CPU.Build.0 = Debug|Any CPU
		{9EACE531-7CE1-4817-81D5-D88CF8581DD4}.Release|Any CPU.ActiveCfg = Release|Any CPU
		{9EACE531-7CE1-4817-81D5-D88CF8581DD4}.Release|Any CPU.Build.0 = Release|Any CPU
		{88E1FFEF-D9D8-41D8-8E1A-9C27ED7C3C8C}.Debug|Any CPU.ActiveCfg = Debug|Any CPU
		{88E1FFEF-D9D8-41D8-8E1A-9C27ED7C3C8C}.Debug|Any CPU.Build.0 = Debug|Any CPU
		{88E1FFEF-D9D8-41D8-8E1A-9C27ED7C3C8C}.Release|Any CPU.ActiveCfg = Release|Any CPU
		{88E1FFEF-D9D8-41D8-8E1A-9C27ED7C3C8C}.Release|Any CPU.Build.0 = Release|Any CPU
		{C157D84C-9ABC-4D94-A3ED-99649A02645F}.Debug|Any CPU.ActiveCfg = Debug|Any CPU
		{C157D84C-9ABC-4D94-A3ED-99649A02645F}.Debug|Any CPU.Build.0 = Debug|Any CPU
		{C157D84C-9ABC-4D94-A3ED-99649A02645F}.Release|Any CPU.ActiveCfg = Release|Any CPU
		{C157D84C-9ABC-4D94-A3ED-99649A02645F}.Release|Any CPU.Build.0 = Release|Any CPU
		{04137B5D-1FE1-4EE7-BCD9-2DA89B5BC6B2}.Debug|Any CPU.ActiveCfg = Debug|Any CPU
		{04137B5D-1FE1-4EE7-BCD9-2DA89B5BC6B2}.Debug|Any CPU.Build.0 = Debug|Any CPU
		{04137B5D-1FE1-4EE7-BCD9-2DA89B5BC6B2}.Release|Any CPU.ActiveCfg = Release|Any CPU
		{04137B5D-1FE1-4EE7-BCD9-2DA89B5BC6B2}.Release|Any CPU.Build.0 = Release|Any CPU
	EndGlobalSection
	GlobalSection(SolutionProperties) = preSolution
		HideSolutionNode = FALSE
	EndGlobalSection
	GlobalSection(NestedProjects) = preSolution
		{9EACE531-7CE1-4817-81D5-D88CF8581DD4} = {EA53E2F6-EBC8-409C-A996-54CEAB0EEABB}
		{88E1FFEF-D9D8-41D8-8E1A-9C27ED7C3C8C} = {EA53E2F6-EBC8-409C-A996-54CEAB0EEABB}
		{C157D84C-9ABC-4D94-A3ED-99649A02645F} = {EA53E2F6-EBC8-409C-A996-54CEAB0EEABB}
		{04137B5D-1FE1-4EE7-BCD9-2DA89B5BC6B2} = {EA53E2F6-EBC8-409C-A996-54CEAB0EEABB}
	EndGlobalSection
	GlobalSection(ExtensibilityGlobals) = postSolution
		SolutionGuid = {B540D7FD-DAA9-4669-9B2A-52FEBE9EEFE4}
	EndGlobalSection
EndGlobal
